[[package]]
name = "apipkg"
version = "1.5"
description = "apipkg: namespace control and lazy-import mechanism"
category = "dev"
optional = false
python-versions = ">=2.7, !=3.0.*, !=3.1.*, !=3.2.*, !=3.3.*"

[[package]]
name = "appdirs"
version = "1.4.4"
description = "A small Python module for determining appropriate platform-specific dirs, e.g. a \"user data dir\"."
category = "dev"
optional = false
python-versions = "*"

[[package]]
name = "atomicwrites"
version = "1.4.0"
description = "Atomic file writes."
category = "dev"
optional = false
python-versions = ">=2.7, !=3.0.*, !=3.1.*, !=3.2.*, !=3.3.*"

[[package]]
name = "attrs"
version = "19.3.0"
description = "Classes Without Boilerplate"
category = "dev"
optional = false
python-versions = ">=2.7, !=3.0.*, !=3.1.*, !=3.2.*, !=3.3.*"

[package.extras]
azure-pipelines = ["coverage", "hypothesis", "pympler", "pytest (>=4.3.0)", "six", "zope.interface", "pytest-azurepipelines"]
dev = ["coverage", "hypothesis", "pympler", "pytest (>=4.3.0)", "six", "zope.interface", "sphinx", "pre-commit"]
docs = ["sphinx", "zope.interface"]
tests = ["coverage", "hypothesis", "pympler", "pytest (>=4.3.0)", "six", "zope.interface"]

[[package]]
name = "colorama"
version = "0.4.3"
description = "Cross-platform colored terminal text."
category = "dev"
optional = false
python-versions = ">=2.7, !=3.0.*, !=3.1.*, !=3.2.*, !=3.3.*, !=3.4.*"

[[package]]
name = "configparser"
version = "4.0.2"
description = "Updated configparser from Python 3.7 for Python 2.6+."
category = "dev"
optional = false
python-versions = ">=2.6"

[package.extras]
docs = ["sphinx", "jaraco.packaging (>=3.2)", "rst.linker (>=1.9)"]
testing = ["pytest (>=3.5,!=3.7.3)", "pytest-checkdocs (>=1.2)", "pytest-flake8", "pytest-black-multipy"]

[[package]]
name = "contextlib2"
version = "0.6.0.post1"
description = "Backports and enhancements for the contextlib module"
category = "dev"
optional = false
python-versions = ">=2.7, !=3.0.*, !=3.1.*, !=3.2.*, !=3.3.*"

[[package]]
name = "distlib"
version = "0.3.1"
description = "Distribution utilities"
category = "dev"
optional = false
python-versions = "*"

[[package]]
name = "enum34"
version = "1.1.10"
description = "Python 3.4 Enum backported to 3.3, 3.2, 3.1, 2.7, 2.6, 2.5, and 2.4"
category = "dev"
optional = false
python-versions = "*"

[[package]]
name = "execnet"
version = "1.7.1"
description = "execnet: rapid multi-Python deployment"
category = "dev"
optional = false
python-versions = ">=2.7, !=3.0.*, !=3.1.*, !=3.2.*, !=3.3.*"

[package.dependencies]
apipkg = ">=1.4"

[package.extras]
testing = ["pre-commit"]

[[package]]
name = "fasteners"
version = "0.16"
description = "A python package that provides useful locks."
category = "main"
optional = false
python-versions = "*"

[package.dependencies]
monotonic = {version = ">=0.1", markers = "python_version < \"3.4\""}
six = "*"

[[package]]
name = "filelock"
version = "3.0.12"
description = "A platform independent file lock."
category = "dev"
optional = false
python-versions = "*"

[[package]]
name = "flake8"
version = "3.8.3"
description = "the modular source code checker: pep8 pyflakes and co"
category = "dev"
optional = false
python-versions = "!=3.0.*,!=3.1.*,!=3.2.*,!=3.3.*,>=2.7"

[package.dependencies]
configparser = {version = "*", markers = "python_version < \"3.2\""}
enum34 = {version = "*", markers = "python_version < \"3.4\""}
functools32 = {version = "*", markers = "python_version < \"3.2\""}
importlib-metadata = {version = "*", markers = "python_version < \"3.8\""}
mccabe = ">=0.6.0,<0.7.0"
pycodestyle = ">=2.6.0a1,<2.7.0"
pyflakes = ">=2.2.0,<2.3.0"
typing = {version = "*", markers = "python_version < \"3.5\""}

[[package]]
name = "funcsigs"
version = "1.0.2"
description = "Python function signatures from PEP362 for Python 2.6, 2.7 and 3.2+"
category = "dev"
optional = false
python-versions = "*"

[[package]]
name = "functools32"
version = "3.2.3-2"
description = "Backport of the functools module from Python 3.2.3 for use on 2.7 and PyPy."
category = "dev"
optional = false
python-versions = "*"

[[package]]
name = "importlib-metadata"
version = "1.7.0"
description = "Read metadata from Python packages"
category = "dev"
optional = false
python-versions = "!=3.0.*,!=3.1.*,!=3.2.*,!=3.3.*,!=3.4.*,>=2.7"

[package.dependencies]
configparser = {version = ">=3.5", markers = "python_version < \"3\""}
contextlib2 = {version = "*", markers = "python_version < \"3\""}
pathlib2 = {version = "*", markers = "python_version < \"3\""}
zipp = ">=0.5"

[package.extras]
docs = ["sphinx", "rst.linker"]
testing = ["packaging", "pep517", "importlib-resources (>=1.3)"]

[[package]]
name = "importlib-resources"
version = "3.3.1"
description = "Read resources from Python packages"
category = "dev"
optional = false
python-versions = "!=3.0.*,!=3.1.*,!=3.2.*,!=3.3.*,!=3.4.*,!=3.5.*,>=2.7"

[package.dependencies]
contextlib2 = {version = "*", markers = "python_version < \"3\""}
pathlib2 = {version = "*", markers = "python_version < \"3\""}
singledispatch = {version = "*", markers = "python_version < \"3.4\""}
typing = {version = "*", markers = "python_version < \"3.5\""}
zipp = {version = ">=0.4", markers = "python_version < \"3.8\""}

[package.extras]
docs = ["sphinx", "rst.linker", "jaraco.packaging"]

[[package]]
name = "mccabe"
version = "0.6.1"
description = "McCabe checker, plugin for flake8"
category = "dev"
optional = false
python-versions = "*"

[[package]]
name = "mock"
version = "4.0.2"
description = "Rolling backport of unittest.mock for all Pythons"
category = "dev"
optional = false
python-versions = ">=3.6"

[package.extras]
build = ["twine", "wheel", "blurb"]
docs = ["sphinx"]
test = ["pytest", "pytest-cov"]

[[package]]
name = "monotonic"
version = "1.6"
description = "An implementation of time.monotonic() for Python 2 & < 3.3"
category = "main"
optional = false
python-versions = "*"

[[package]]
name = "more-itertools"
version = "5.0.0"
description = "More routines for operating on iterables, beyond itertools"
category = "dev"
optional = false
python-versions = "*"

[package.dependencies]
six = ">=1.0.0,<2.0.0"

[[package]]
name = "packaging"
version = "20.9"
description = "Core utilities for Python packages"
category = "dev"
optional = false
python-versions = ">=2.7, !=3.0.*, !=3.1.*, !=3.2.*, !=3.3.*"

[package.dependencies]
pyparsing = ">=2.0.2"

[[package]]
name = "pathlib2"
version = "2.3.5"
description = "Object-oriented filesystem paths"
category = "dev"
optional = false
python-versions = "*"

[package.dependencies]
scandir = {version = "*", markers = "python_version < \"3.5\""}
six = "*"

[[package]]
name = "pathspec"
version = "0.8.0"
description = "Utility library for gitignore style pattern matching of file paths."
category = "dev"
optional = false
python-versions = ">=2.7, !=3.0.*, !=3.1.*, !=3.2.*, !=3.3.*, !=3.4.*"

[[package]]
name = "pexpect"
version = "4.8.0"
description = "Pexpect allows easy control of interactive console applications."
category = "main"
optional = false
python-versions = "*"

[package.dependencies]
ptyprocess = ">=0.5"

[[package]]
name = "pluggy"
version = "0.13.1"
description = "plugin and hook calling mechanisms for python"
category = "dev"
optional = false
python-versions = ">=2.7, !=3.0.*, !=3.1.*, !=3.2.*, !=3.3.*"

[package.dependencies]
importlib-metadata = {version = ">=0.12", markers = "python_version < \"3.8\""}

[package.extras]
dev = ["pre-commit", "tox"]

[[package]]
name = "ptyprocess"
version = "0.6.0"
description = "Run a subprocess in a pseudo terminal"
category = "main"
optional = false
python-versions = "*"

[[package]]
name = "py"
version = "1.9.0"
description = "library with cross-python path, ini-parsing, io, code, log facilities"
category = "dev"
optional = false
python-versions = ">=2.7, !=3.0.*, !=3.1.*, !=3.2.*, !=3.3.*"

[[package]]
name = "pycodestyle"
version = "2.6.0"
description = "Python style guide checker"
category = "dev"
optional = false
python-versions = ">=2.7, !=3.0.*, !=3.1.*, !=3.2.*, !=3.3.*"

[[package]]
name = "pyflakes"
version = "2.2.0"
description = "passive checker of Python programs"
category = "dev"
optional = false
python-versions = ">=2.7, !=3.0.*, !=3.1.*, !=3.2.*, !=3.3.*"

[[package]]
name = "pyparsing"
version = "2.4.7"
description = "Python parsing module"
category = "dev"
optional = false
python-versions = ">=2.6, !=3.0.*, !=3.1.*, !=3.2.*"

[[package]]
name = "pytest"
version = "4.4.0"
description = "pytest: simple powerful testing with Python"
category = "dev"
optional = false
python-versions = ">=2.7, !=3.0.*, !=3.1.*, !=3.2.*, !=3.3.*"

[package.dependencies]
atomicwrites = ">=1.0"
attrs = ">=17.4.0"
colorama = {version = "*", markers = "sys_platform == \"win32\""}
funcsigs = {version = ">=1.0", markers = "python_version < \"3.0\""}
more-itertools = [
    {version = ">=4.0.0,<6.0.0", markers = "python_version <= \"2.7\""},
    {version = ">=4.0.0", markers = "python_version > \"2.7\""},
]
pathlib2 = {version = ">=2.2.0", markers = "python_version < \"3.6\""}
pluggy = ">=0.9"
py = ">=1.5.0"
six = ">=1.10.0"

[package.extras]
testing = ["argcomplete", "hypothesis (>=3.56)", "nose", "requests", "mock"]

[[package]]
name = "pytest-forked"
version = "1.3.0"
description = "run tests in isolated forked subprocesses"
category = "dev"
optional = false
python-versions = ">=2.7, !=3.0.*, !=3.1.*, !=3.2.*, !=3.3.*, !=3.4.*"

[package.dependencies]
py = "*"
pytest = ">=3.10"

[[package]]
name = "pytest-xdist"
version = "1.32.0"
description = "pytest xdist plugin for distributed testing and loop-on-failing modes"
category = "dev"
optional = false
python-versions = ">=2.7, !=3.0.*, !=3.1.*, !=3.2.*, !=3.3.*, !=3.4.*"

[package.dependencies]
execnet = ">=1.1"
pytest = ">=4.4.0"
pytest-forked = "*"
six = "*"

[package.extras]
testing = ["filelock"]

[[package]]
name = "pyyaml"
version = "5.3.1"
description = "YAML parser and emitter for Python"
category = "main"
optional = false
python-versions = ">=2.7, !=3.0.*, !=3.1.*, !=3.2.*, !=3.3.*, !=3.4.*"

[[package]]
name = "scandir"
version = "1.10.0"
description = "scandir, a better directory iterator and faster os.walk()"
category = "dev"
optional = false
python-versions = "*"

[[package]]
name = "singledispatch"
version = "3.6.1"
description = "Backport functools.singledispatch from Python 3.4 to Python 2.6-3.3."
category = "dev"
optional = false
python-versions = ">=2.6"

[package.dependencies]
six = "*"

[package.extras]
docs = ["sphinx", "jaraco.packaging (>=8.2)", "rst.linker (>=1.9)"]
testing = ["pytest (>=4.6)", "pytest-checkdocs (>=1.2.3)", "pytest-flake8", "pytest-cov", "pytest-black (>=0.3.7)", "unittest2"]

[[package]]
name = "six"
version = "1.15.0"
description = "Python 2 and 3 compatibility utilities"
category = "main"
optional = false
python-versions = ">=2.7, !=3.0.*, !=3.1.*, !=3.2.*"

[[package]]
name = "toml"
version = "0.10.2"
description = "Python Library for Tom's Obvious, Minimal Language"
category = "dev"
optional = false
python-versions = ">=2.6, !=3.0.*, !=3.1.*, !=3.2.*"

[[package]]
name = "tox"
version = "3.23.0"
description = "tox is a generic virtualenv management and test command line tool"
category = "dev"
optional = false
python-versions = "!=3.0.*,!=3.1.*,!=3.2.*,!=3.3.*,!=3.4.*,>=2.7"

[package.dependencies]
colorama = {version = ">=0.4.1", markers = "platform_system == \"Windows\""}
filelock = ">=3.0.0"
importlib-metadata = {version = ">=0.12", markers = "python_version < \"3.8\""}
packaging = ">=14"
pluggy = ">=0.12.0"
py = ">=1.4.17"
six = ">=1.14.0"
toml = ">=0.9.4"
virtualenv = ">=16.0.0,<20.0.0 || >20.0.0,<20.0.1 || >20.0.1,<20.0.2 || >20.0.2,<20.0.3 || >20.0.3,<20.0.4 || >20.0.4,<20.0.5 || >20.0.5,<20.0.6 || >20.0.6,<20.0.7 || >20.0.7"

[package.extras]
docs = ["pygments-github-lexers (>=0.0.5)", "sphinx (>=2.0.0)", "sphinxcontrib-autoprogram (>=0.1.5)", "towncrier (>=18.5.0)"]
testing = ["flaky (>=3.4.0)", "freezegun (>=0.3.11)", "psutil (>=5.6.1)", "pytest (>=4.0.0)", "pytest-cov (>=2.5.1)", "pytest-mock (>=1.10.0)", "pytest-randomly (>=1.0.0)", "pytest-xdist (>=1.22.2)", "pathlib2 (>=2.3.3)"]

[[package]]
name = "typing"
version = "3.7.4.3"
description = "Type Hints for Python"
category = "dev"
optional = false
python-versions = ">=2.7, !=3.0.*, !=3.1.*, !=3.2.*, !=3.3.*"

[[package]]
name = "virtualenv"
version = "20.4.4"
description = "Virtual Python Environment builder"
category = "dev"
optional = false
python-versions = "!=3.0.*,!=3.1.*,!=3.2.*,!=3.3.*,>=2.7"

[package.dependencies]
appdirs = ">=1.4.3,<2"
distlib = ">=0.3.1,<1"
filelock = ">=3.0.0,<4"
importlib-metadata = {version = ">=0.12", markers = "python_version < \"3.8\""}
importlib-resources = {version = ">=1.0", markers = "python_version < \"3.7\""}
pathlib2 = {version = ">=2.3.3,<3", markers = "python_version < \"3.4\" and sys_platform != \"win32\""}
six = ">=1.9.0,<2"

[package.extras]
docs = ["proselint (>=0.10.2)", "sphinx (>=3)", "sphinx-argparse (>=0.2.5)", "sphinx-rtd-theme (>=0.4.3)", "towncrier (>=19.9.0rc1)"]
testing = ["coverage (>=4)", "coverage-enable-subprocess (>=1)", "flaky (>=3)", "pytest (>=4)", "pytest-env (>=0.6.2)", "pytest-freezegun (>=0.4.1)", "pytest-mock (>=2)", "pytest-randomly (>=1)", "pytest-timeout (>=1)", "packaging (>=20.0)", "xonsh (>=0.9.16)"]

[[package]]
name = "yamllint"
version = "1.24.2"
description = "A linter for YAML files."
category = "dev"
optional = false
python-versions = ">=2.7, !=3.0.*, !=3.1.*, !=3.2.*, !=3.3.*"

[package.dependencies]
pathspec = ">=0.5.3"
pyyaml = "*"

[[package]]
name = "zipp"
version = "3.1.0"
description = "Backport of pathlib-compatible object wrapper for zip files"
category = "dev"
optional = false
python-versions = ">=3.6"

[package.extras]
docs = ["sphinx", "jaraco.packaging (>=3.2)", "rst.linker (>=1.9)"]
testing = ["jaraco.itertools", "func-timeout"]

[metadata]
lock-version = "1.1"
python-versions = "~2.7 || >=3.6"
content-hash = "907aa17f63ca272fc2afc9c66f1025a9ceedd214e0f478349df40c8ccb8052a2"

[metadata.files]
apipkg = [
    {file = "apipkg-1.5-py2.py3-none-any.whl", hash = "sha256:58587dd4dc3daefad0487f6d9ae32b4542b185e1c36db6993290e7c41ca2b47c"},
    {file = "apipkg-1.5.tar.gz", hash = "sha256:37228cda29411948b422fae072f57e31d3396d2ee1c9783775980ee9c9990af6"},
]
appdirs = [
    {file = "appdirs-1.4.4-py2.py3-none-any.whl", hash = "sha256:a841dacd6b99318a741b166adb07e19ee71a274450e68237b4650ca1055ab128"},
    {file = "appdirs-1.4.4.tar.gz", hash = "sha256:7d5d0167b2b1ba821647616af46a749d1c653740dd0d2415100fe26e27afdf41"},
]
atomicwrites = [
    {file = "atomicwrites-1.4.0-py2.py3-none-any.whl", hash = "sha256:6d1784dea7c0c8d4a5172b6c620f40b6e4cbfdf96d783691f2e1302a7b88e197"},
    {file = "atomicwrites-1.4.0.tar.gz", hash = "sha256:ae70396ad1a434f9c7046fd2dd196fc04b12f9e91ffb859164193be8b6168a7a"},
]
attrs = [
    {file = "attrs-19.3.0-py2.py3-none-any.whl", hash = "sha256:08a96c641c3a74e44eb59afb61a24f2cb9f4d7188748e76ba4bb5edfa3cb7d1c"},
    {file = "attrs-19.3.0.tar.gz", hash = "sha256:f7b7ce16570fe9965acd6d30101a28f62fb4a7f9e926b3bbc9b61f8b04247e72"},
]
colorama = [
    {file = "colorama-0.4.3-py2.py3-none-any.whl", hash = "sha256:7d73d2a99753107a36ac6b455ee49046802e59d9d076ef8e47b61499fa29afff"},
    {file = "colorama-0.4.3.tar.gz", hash = "sha256:e96da0d330793e2cb9485e9ddfd918d456036c7149416295932478192f4436a1"},
]
configparser = [
    {file = "configparser-4.0.2-py2.py3-none-any.whl", hash = "sha256:254c1d9c79f60c45dfde850850883d5aaa7f19a23f13561243a050d5a7c3fe4c"},
    {file = "configparser-4.0.2.tar.gz", hash = "sha256:c7d282687a5308319bf3d2e7706e575c635b0a470342641c93bea0ea3b5331df"},
]
contextlib2 = [
    {file = "contextlib2-0.6.0.post1-py2.py3-none-any.whl", hash = "sha256:3355078a159fbb44ee60ea80abd0d87b80b78c248643b49aa6d94673b413609b"},
    {file = "contextlib2-0.6.0.post1.tar.gz", hash = "sha256:01f490098c18b19d2bd5bb5dc445b2054d2fa97f09a4280ba2c5f3c394c8162e"},
]
distlib = [
    {file = "distlib-0.3.1-py2.py3-none-any.whl", hash = "sha256:8c09de2c67b3e7deef7184574fc060ab8a793e7adbb183d942c389c8b13c52fb"},
    {file = "distlib-0.3.1.zip", hash = "sha256:edf6116872c863e1aa9d5bb7cb5e05a022c519a4594dc703843343a9ddd9bff1"},
]
enum34 = [
    {file = "enum34-1.1.10-py2-none-any.whl", hash = "sha256:a98a201d6de3f2ab3db284e70a33b0f896fbf35f8086594e8c9e74b909058d53"},
    {file = "enum34-1.1.10-py3-none-any.whl", hash = "sha256:c3858660960c984d6ab0ebad691265180da2b43f07e061c0f8dca9ef3cffd328"},
    {file = "enum34-1.1.10.tar.gz", hash = "sha256:cce6a7477ed816bd2542d03d53db9f0db935dd013b70f336a95c73979289f248"},
]
execnet = [
    {file = "execnet-1.7.1-py2.py3-none-any.whl", hash = "sha256:d4efd397930c46415f62f8a31388d6be4f27a91d7550eb79bc64a756e0056547"},
    {file = "execnet-1.7.1.tar.gz", hash = "sha256:cacb9df31c9680ec5f95553976c4da484d407e85e41c83cb812aa014f0eddc50"},
]
fasteners = [
    {file = "fasteners-0.16-py2.py3-none-any.whl", hash = "sha256:74b6847e0a6bb3b56c8511af8e24c40e4cf7a774dfff5b251c260ed338096a4b"},
    {file = "fasteners-0.16.tar.gz", hash = "sha256:c995d8c26b017c5d6a6de9ad29a0f9cdd57de61ae1113d28fac26622b06a0933"},
]
filelock = [
    {file = "filelock-3.0.12-py3-none-any.whl", hash = "sha256:929b7d63ec5b7d6b71b0fa5ac14e030b3f70b75747cef1b10da9b879fef15836"},
    {file = "filelock-3.0.12.tar.gz", hash = "sha256:18d82244ee114f543149c66a6e0c14e9c4f8a1044b5cdaadd0f82159d6a6ff59"},
]
flake8 = [
    {file = "flake8-3.8.3-py2.py3-none-any.whl", hash = "sha256:15e351d19611c887e482fb960eae4d44845013cc142d42896e9862f775d8cf5c"},
    {file = "flake8-3.8.3.tar.gz", hash = "sha256:f04b9fcbac03b0a3e58c0ab3a0ecc462e023a9faf046d57794184028123aa208"},
]
funcsigs = [
    {file = "funcsigs-1.0.2-py2.py3-none-any.whl", hash = "sha256:330cc27ccbf7f1e992e69fef78261dc7c6569012cf397db8d3de0234e6c937ca"},
    {file = "funcsigs-1.0.2.tar.gz", hash = "sha256:a7bb0f2cf3a3fd1ab2732cb49eba4252c2af4240442415b4abce3b87022a8f50"},
]
functools32 = [
    {file = "functools32-3.2.3-2.tar.gz", hash = "sha256:f6253dfbe0538ad2e387bd8fdfd9293c925d63553f5813c4e587745416501e6d"},
    {file = "functools32-3.2.3-2.zip", hash = "sha256:89d824aa6c358c421a234d7f9ee0bd75933a67c29588ce50aaa3acdf4d403fa0"},
]
importlib-metadata = [
    {file = "importlib_metadata-1.7.0-py2.py3-none-any.whl", hash = "sha256:dc15b2969b4ce36305c51eebe62d418ac7791e9a157911d58bfb1f9ccd8e2070"},
    {file = "importlib_metadata-1.7.0.tar.gz", hash = "sha256:90bb658cdbbf6d1735b6341ce708fc7024a3e14e99ffdc5783edea9f9b077f83"},
]
importlib-resources = [
    {file = "importlib_resources-3.3.1-py2.py3-none-any.whl", hash = "sha256:42068585cc5e8c2bf0a17449817401102a5125cbfbb26bb0f43cde1568f6f2df"},
    {file = "importlib_resources-3.3.1.tar.gz", hash = "sha256:0ed250dbd291947d1a298e89f39afcc477d5a6624770503034b72588601bcc05"},
]
mccabe = [
    {file = "mccabe-0.6.1-py2.py3-none-any.whl", hash = "sha256:ab8a6258860da4b6677da4bd2fe5dc2c659cff31b3ee4f7f5d64e79735b80d42"},
    {file = "mccabe-0.6.1.tar.gz", hash = "sha256:dd8d182285a0fe56bace7f45b5e7d1a6ebcbf524e8f3bd87eb0f125271b8831f"},
]
mock = [
    {file = "mock-4.0.2-py3-none-any.whl", hash = "sha256:3f9b2c0196c60d21838f307f5825a7b86b678cedc58ab9e50a8988187b4d81e0"},
    {file = "mock-4.0.2.tar.gz", hash = "sha256:dd33eb70232b6118298d516bbcecd26704689c386594f0f3c4f13867b2c56f72"},
]
monotonic = [
    {file = "monotonic-1.6-py2.py3-none-any.whl", hash = "sha256:68687e19a14f11f26d140dd5c86f3dba4bf5df58003000ed467e0e2a69bca96c"},
]
more-itertools = [
    {file = "more-itertools-5.0.0.tar.gz", hash = "sha256:38a936c0a6d98a38bcc2d03fdaaedaba9f412879461dd2ceff8d37564d6522e4"},
    {file = "more_itertools-5.0.0-py2-none-any.whl", hash = "sha256:c0a5785b1109a6bd7fac76d6837fd1feca158e54e521ccd2ae8bfe393cc9d4fc"},
    {file = "more_itertools-5.0.0-py3-none-any.whl", hash = "sha256:fe7a7cae1ccb57d33952113ff4fa1bc5f879963600ed74918f1236e212ee50b9"},
]
packaging = [
    {file = "packaging-20.9-py2.py3-none-any.whl", hash = "sha256:67714da7f7bc052e064859c05c595155bd1ee9f69f76557e21f051443c20947a"},
    {file = "packaging-20.9.tar.gz", hash = "sha256:5b327ac1320dc863dca72f4514ecc086f31186744b84a230374cc1fd776feae5"},
]
pathlib2 = [
    {file = "pathlib2-2.3.5-py2.py3-none-any.whl", hash = "sha256:0ec8205a157c80d7acc301c0b18fbd5d44fe655968f5d947b6ecef5290fc35db"},
    {file = "pathlib2-2.3.5.tar.gz", hash = "sha256:6cd9a47b597b37cc57de1c05e56fb1a1c9cc9fab04fe78c29acd090418529868"},
]
pathspec = [
    {file = "pathspec-0.8.0-py2.py3-none-any.whl", hash = "sha256:7d91249d21749788d07a2d0f94147accd8f845507400749ea19c1ec9054a12b0"},
    {file = "pathspec-0.8.0.tar.gz", hash = "sha256:da45173eb3a6f2a5a487efba21f050af2b41948be6ab52b6a1e3ff22bb8b7061"},
]
pexpect = [
    {file = "pexpect-4.8.0-py2.py3-none-any.whl", hash = "sha256:0b48a55dcb3c05f3329815901ea4fc1537514d6ba867a152b581d69ae3710937"},
    {file = "pexpect-4.8.0.tar.gz", hash = "sha256:fc65a43959d153d0114afe13997d439c22823a27cefceb5ff35c2178c6784c0c"},
]
pluggy = [
    {file = "pluggy-0.13.1-py2.py3-none-any.whl", hash = "sha256:966c145cd83c96502c3c3868f50408687b38434af77734af1e9ca461a4081d2d"},
    {file = "pluggy-0.13.1.tar.gz", hash = "sha256:15b2acde666561e1298d71b523007ed7364de07029219b604cf808bfa1c765b0"},
]
ptyprocess = [
    {file = "ptyprocess-0.6.0-py2.py3-none-any.whl", hash = "sha256:d7cc528d76e76342423ca640335bd3633420dc1366f258cb31d05e865ef5ca1f"},
    {file = "ptyprocess-0.6.0.tar.gz", hash = "sha256:923f299cc5ad920c68f2bc0bc98b75b9f838b93b599941a6b63ddbc2476394c0"},
]
py = [
    {file = "py-1.9.0-py2.py3-none-any.whl", hash = "sha256:366389d1db726cd2fcfc79732e75410e5fe4d31db13692115529d34069a043c2"},
    {file = "py-1.9.0.tar.gz", hash = "sha256:9ca6883ce56b4e8da7e79ac18787889fa5206c79dcc67fb065376cd2fe03f342"},
]
pycodestyle = [
    {file = "pycodestyle-2.6.0-py2.py3-none-any.whl", hash = "sha256:2295e7b2f6b5bd100585ebcb1f616591b652db8a741695b3d8f5d28bdc934367"},
    {file = "pycodestyle-2.6.0.tar.gz", hash = "sha256:c58a7d2815e0e8d7972bf1803331fb0152f867bd89adf8a01dfd55085434192e"},
]
pyflakes = [
    {file = "pyflakes-2.2.0-py2.py3-none-any.whl", hash = "sha256:0d94e0e05a19e57a99444b6ddcf9a6eb2e5c68d3ca1e98e90707af8152c90a92"},
    {file = "pyflakes-2.2.0.tar.gz", hash = "sha256:35b2d75ee967ea93b55750aa9edbbf72813e06a66ba54438df2cfac9e3c27fc8"},
]
pyparsing = [
    {file = "pyparsing-2.4.7-py2.py3-none-any.whl", hash = "sha256:ef9d7589ef3c200abe66653d3f1ab1033c3c419ae9b9bdb1240a85b024efc88b"},
    {file = "pyparsing-2.4.7.tar.gz", hash = "sha256:c203ec8783bf771a155b207279b9bccb8dea02d8f0c9e5f8ead507bc3246ecc1"},
]
pytest = [
    {file = "pytest-4.4.0-py2.py3-none-any.whl", hash = "sha256:13c5e9fb5ec5179995e9357111ab089af350d788cbc944c628f3cde72285809b"},
    {file = "pytest-4.4.0.tar.gz", hash = "sha256:f21d2f1fb8200830dcbb5d8ec466a9c9120e20d8b53c7585d180125cce1d297a"},
]
pytest-forked = [
    {file = "pytest-forked-1.3.0.tar.gz", hash = "sha256:6aa9ac7e00ad1a539c41bec6d21011332de671e938c7637378ec9710204e37ca"},
    {file = "pytest_forked-1.3.0-py2.py3-none-any.whl", hash = "sha256:dc4147784048e70ef5d437951728825a131b81714b398d5d52f17c7c144d8815"},
]
pytest-xdist = [
    {file = "pytest-xdist-1.32.0.tar.gz", hash = "sha256:1d4166dcac69adb38eeaedb88c8fada8588348258a3492ab49ba9161f2971129"},
    {file = "pytest_xdist-1.32.0-py2.py3-none-any.whl", hash = "sha256:ba5ec9fde3410bd9a116ff7e4f26c92e02fa3d27975ef3ad03f330b3d4b54e91"},
]
pyyaml = [
    {file = "PyYAML-5.3.1-cp27-cp27m-win32.whl", hash = "sha256:74809a57b329d6cc0fdccee6318f44b9b8649961fa73144a98735b0aaf029f1f"},
    {file = "PyYAML-5.3.1-cp27-cp27m-win_amd64.whl", hash = "sha256:240097ff019d7c70a4922b6869d8a86407758333f02203e0fc6ff79c5dcede76"},
    {file = "PyYAML-5.3.1-cp35-cp35m-win32.whl", hash = "sha256:4f4b913ca1a7319b33cfb1369e91e50354d6f07a135f3b901aca02aa95940bd2"},
    {file = "PyYAML-5.3.1-cp35-cp35m-win_amd64.whl", hash = "sha256:cc8955cfbfc7a115fa81d85284ee61147059a753344bc51098f3ccd69b0d7e0c"},
    {file = "PyYAML-5.3.1-cp36-cp36m-win32.whl", hash = "sha256:7739fc0fa8205b3ee8808aea45e968bc90082c10aef6ea95e855e10abf4a37b2"},
    {file = "PyYAML-5.3.1-cp36-cp36m-win_amd64.whl", hash = "sha256:69f00dca373f240f842b2931fb2c7e14ddbacd1397d57157a9b005a6a9942648"},
    {file = "PyYAML-5.3.1-cp37-cp37m-win32.whl", hash = "sha256:d13155f591e6fcc1ec3b30685d50bf0711574e2c0dfffd7644babf8b5102ca1a"},
    {file = "PyYAML-5.3.1-cp37-cp37m-win_amd64.whl", hash = "sha256:73f099454b799e05e5ab51423c7bcf361c58d3206fa7b0d555426b1f4d9a3eaf"},
    {file = "PyYAML-5.3.1-cp38-cp38-win32.whl", hash = "sha256:06a0d7ba600ce0b2d2fe2e78453a470b5a6e000a985dd4a4e54e436cc36b0e97"},
    {file = "PyYAML-5.3.1-cp38-cp38-win_amd64.whl", hash = "sha256:95f71d2af0ff4227885f7a6605c37fd53d3a106fcab511b8860ecca9fcf400ee"},
    {file = "PyYAML-5.3.1.tar.gz", hash = "sha256:b8eac752c5e14d3eca0e6dd9199cd627518cb5ec06add0de9d32baeee6fe645d"},
]
scandir = [
    {file = "scandir-1.10.0-cp27-cp27m-win32.whl", hash = "sha256:92c85ac42f41ffdc35b6da57ed991575bdbe69db895507af88b9f499b701c188"},
    {file = "scandir-1.10.0-cp27-cp27m-win_amd64.whl", hash = "sha256:cb925555f43060a1745d0a321cca94bcea927c50114b623d73179189a4e100ac"},
    {file = "scandir-1.10.0-cp34-cp34m-win32.whl", hash = "sha256:2c712840c2e2ee8dfaf36034080108d30060d759c7b73a01a52251cc8989f11f"},
    {file = "scandir-1.10.0-cp34-cp34m-win_amd64.whl", hash = "sha256:2586c94e907d99617887daed6c1d102b5ca28f1085f90446554abf1faf73123e"},
    {file = "scandir-1.10.0-cp35-cp35m-win32.whl", hash = "sha256:2b8e3888b11abb2217a32af0766bc06b65cc4a928d8727828ee68af5a967fa6f"},
    {file = "scandir-1.10.0-cp35-cp35m-win_amd64.whl", hash = "sha256:8c5922863e44ffc00c5c693190648daa6d15e7c1207ed02d6f46a8dcc2869d32"},
    {file = "scandir-1.10.0-cp36-cp36m-win32.whl", hash = "sha256:2ae41f43797ca0c11591c0c35f2f5875fa99f8797cb1a1fd440497ec0ae4b022"},
    {file = "scandir-1.10.0-cp36-cp36m-win_amd64.whl", hash = "sha256:7d2d7a06a252764061a020407b997dd036f7bd6a175a5ba2b345f0a357f0b3f4"},
    {file = "scandir-1.10.0-cp37-cp37m-win32.whl", hash = "sha256:67f15b6f83e6507fdc6fca22fedf6ef8b334b399ca27c6b568cbfaa82a364173"},
    {file = "scandir-1.10.0-cp37-cp37m-win_amd64.whl", hash = "sha256:b24086f2375c4a094a6b51e78b4cf7ca16c721dcee2eddd7aa6494b42d6d519d"},
    {file = "scandir-1.10.0.tar.gz", hash = "sha256:4d4631f6062e658e9007ab3149a9b914f3548cb38bfb021c64f39a025ce578ae"},
]
singledispatch = [
    {file = "singledispatch-3.6.1-py2.py3-none-any.whl", hash = "sha256:85c97f94c8957fa4e6dab113156c182fb346d56d059af78aad710bced15f16fb"},
    {file = "singledispatch-3.6.1.tar.gz", hash = "sha256:58b46ce1cc4d43af0aac3ac9a047bdb0f44e05f0b2fa2eec755863331700c865"},
]
six = [
    {file = "six-1.15.0-py2.py3-none-any.whl", hash = "sha256:8b74bedcbbbaca38ff6d7491d76f2b06b3592611af620f8426e82dddb04a5ced"},
    {file = "six-1.15.0.tar.gz", hash = "sha256:30639c035cdb23534cd4aa2dd52c3bf48f06e5f4a941509c8bafd8ce11080259"},
]
toml = [
    {file = "toml-0.10.2-py2.py3-none-any.whl", hash = "sha256:806143ae5bfb6a3c6e736a764057db0e6a0e05e338b5630894a5f779cabb4f9b"},
    {file = "toml-0.10.2.tar.gz", hash = "sha256:b3bda1d108d5dd99f4a20d24d9c348e91c4db7ab1b749200bded2f839ccbe68f"},
]
tox = [
    {file = "tox-3.23.0-py2.py3-none-any.whl", hash = "sha256:e007673f3595cede9b17a7c4962389e4305d4a3682a6c5a4159a1453b4f326aa"},
    {file = "tox-3.23.0.tar.gz", hash = "sha256:05a4dbd5e4d3d8269b72b55600f0b0303e2eb47ad5c6fe76d3576f4c58d93661"},
]
typing = [
    {file = "typing-3.7.4.3-py2-none-any.whl", hash = "sha256:283d868f5071ab9ad873e5e52268d611e851c870a2ba354193026f2dfb29d8b5"},
    {file = "typing-3.7.4.3.tar.gz", hash = "sha256:1187fb9c82fd670d10aa07bbb6cfcfe4bdda42d6fab8d5134f04e8c4d0b71cc9"},
]
virtualenv = [
    {file = "virtualenv-20.4.4-py2.py3-none-any.whl", hash = "sha256:a935126db63128861987a7d5d30e23e8ec045a73840eeccb467c148514e29535"},
    {file = "virtualenv-20.4.4.tar.gz", hash = "sha256:09c61377ef072f43568207dc8e46ddeac6bcdcaf288d49011bda0e7f4d38c4a2"},
]
yamllint = [
    {file = "yamllint-1.24.2-py2.py3-none-any.whl", hash = "sha256:ad3b0d30317dca005d7af99ff27248d459cae2d931a2ff06a134b67bcd405b30"},
    {file = "yamllint-1.24.2.tar.gz", hash = "sha256:40b68de6bacdccec1585dbd54072731b10da7fc2f9cfd96517a71f066208b61f"},
]
zipp = [
    {file = "zipp-3.1.0-py3-none-any.whl", hash = "sha256:aa36550ff0c0b7ef7fa639055d797116ee891440eac1a56f378e2d3179e0320b"},
    {file = "zipp-3.1.0.tar.gz", hash = "sha256:c599e4d75c98f6798c509911d08a22e6c021d074469042177c8c86fb92eefd96"},
]
