[[package]]
category = "dev"
description = "apipkg: namespace control and lazy-import mechanism"
name = "apipkg"
optional = false
python-versions = ">=2.7, !=3.0.*, !=3.1.*, !=3.2.*, !=3.3.*"
version = "1.5"

[[package]]
category = "dev"
description = "Atomic file writes."
name = "atomicwrites"
optional = false
python-versions = ">=2.7, !=3.0.*, !=3.1.*, !=3.2.*, !=3.3.*"
version = "1.4.0"

[[package]]
category = "dev"
description = "Classes Without Boilerplate"
name = "attrs"
optional = false
python-versions = ">=2.7, !=3.0.*, !=3.1.*, !=3.2.*, !=3.3.*"
version = "19.3.0"

[package.extras]
azure-pipelines = ["coverage", "hypothesis", "pympler", "pytest (>=4.3.0)", "six", "zope.interface", "pytest-azurepipelines"]
dev = ["coverage", "hypothesis", "pympler", "pytest (>=4.3.0)", "six", "zope.interface", "sphinx", "pre-commit"]
docs = ["sphinx", "zope.interface"]
tests = ["coverage", "hypothesis", "pympler", "pytest (>=4.3.0)", "six", "zope.interface"]

[[package]]
category = "dev"
description = "Cross-platform colored terminal text."
marker = "sys_platform == \"win32\""
name = "colorama"
optional = false
python-versions = ">=2.7, !=3.0.*, !=3.1.*, !=3.2.*, !=3.3.*, !=3.4.*"
version = "0.4.3"

[[package]]
category = "dev"
description = "Updated configparser from Python 3.7 for Python 2.6+."
marker = "python_version < \"3.2\""
name = "configparser"
optional = false
python-versions = ">=2.6"
version = "4.0.2"

[package.extras]
docs = ["sphinx", "jaraco.packaging (>=3.2)", "rst.linker (>=1.9)"]
testing = ["pytest (>=3.5,<3.7.3 || >3.7.3)", "pytest-checkdocs (>=1.2)", "pytest-flake8", "pytest-black-multipy"]

[[package]]
category = "dev"
description = "Backports and enhancements for the contextlib module"
marker = "python_version < \"3.4\""
name = "contextlib2"
optional = false
python-versions = ">=2.7, !=3.0.*, !=3.1.*, !=3.2.*, !=3.3.*"
version = "0.6.0.post1"

[[package]]
category = "main"
description = "Docutils -- Python Documentation Utilities"
name = "docutils"
optional = false
python-versions = ">=2.7, !=3.0.*, !=3.1.*, !=3.2.*, !=3.3.*, !=3.4.*"
version = "0.16"

[[package]]
category = "dev"
description = "Python 3.4 Enum backported to 3.3, 3.2, 3.1, 2.7, 2.6, 2.5, and 2.4"
marker = "python_version < \"3.4\""
name = "enum34"
optional = false
python-versions = "*"
version = "1.1.10"

[[package]]
category = "dev"
description = "execnet: rapid multi-Python deployment"
name = "execnet"
optional = false
python-versions = ">=2.7, !=3.0.*, !=3.1.*, !=3.2.*, !=3.3.*"
version = "1.7.1"

[package.dependencies]
apipkg = ">=1.4"

[package.extras]
testing = ["pre-commit"]

[[package]]
category = "dev"
description = "the modular source code checker: pep8 pyflakes and co"
name = "flake8"
optional = false
python-versions = "!=3.0.*,!=3.1.*,!=3.2.*,!=3.3.*,>=2.7"
version = "3.8.3"

[package.dependencies]
mccabe = ">=0.6.0,<0.7.0"
pycodestyle = ">=2.6.0a1,<2.7.0"
pyflakes = ">=2.2.0,<2.3.0"

[package.dependencies.configparser]
python = "<3.2"
version = "*"

[package.dependencies.enum34]
python = "<3.4"
version = "*"

[package.dependencies.functools32]
python = "<3.2"
version = "*"

[package.dependencies.importlib-metadata]
python = "<3.8"
version = "*"

[package.dependencies.typing]
python = "<3.5"
version = "*"

[[package]]
category = "dev"
description = "Python function signatures from PEP362 for Python 2.6, 2.7 and 3.2+"
name = "funcsigs"
optional = false
python-versions = "*"
version = "1.0.2"

[[package]]
category = "dev"
description = "Backport of the functools module from Python 3.2.3 for use on 2.7 and PyPy."
marker = "python_version < \"3.2\""
name = "functools32"
optional = false
python-versions = "*"
version = "3.2.3-2"

[[package]]
category = "dev"
description = "Read metadata from Python packages"
marker = "python_version < \"3.8\""
name = "importlib-metadata"
optional = false
python-versions = "!=3.0.*,!=3.1.*,!=3.2.*,!=3.3.*,!=3.4.*,>=2.7"
version = "1.7.0"

[package.dependencies]
zipp = ">=0.5"

[package.dependencies.configparser]
python = "<3"
version = ">=3.5"

[package.dependencies.contextlib2]
python = "<3"
version = "*"

[package.dependencies.pathlib2]
python = "<3"
version = "*"

[package.extras]
docs = ["sphinx", "rst.linker"]
testing = ["packaging", "pep517", "importlib-resources (>=1.3)"]

[[package]]
category = "main"
description = "Platform-independent file locking module"
name = "lockfile"
optional = false
python-versions = "*"
version = "0.12.2"

[[package]]
category = "dev"
description = "McCabe checker, plugin for flake8"
name = "mccabe"
optional = false
python-versions = "*"
version = "0.6.1"

[[package]]
category = "dev"
description = "Rolling backport of unittest.mock for all Pythons"
name = "mock"
optional = false
python-versions = ">=2.7, !=3.0.*, !=3.1.*, !=3.2.*, !=3.3.*"
version = "3.0.5"

[package.dependencies]
six = "*"

[package.dependencies.funcsigs]
python = "<3.3"
version = ">=1"

[package.extras]
build = ["twine", "wheel", "blurb"]
docs = ["sphinx"]
test = ["pytest", "pytest-cov"]

[[package]]
category = "dev"
description = "Rolling backport of unittest.mock for all Pythons"
name = "mock"
optional = false
python-versions = ">=3.6"
version = "4.0.2"

[package.extras]
build = ["twine", "wheel", "blurb"]
docs = ["sphinx"]
test = ["pytest", "pytest-cov"]

[[package]]
category = "dev"
description = "More routines for operating on iterables, beyond itertools"
name = "more-itertools"
optional = false
python-versions = "*"
version = "5.0.0"

[package.dependencies]
six = ">=1.0.0,<2.0.0"

[[package]]
category = "dev"
description = "Object-oriented filesystem paths"
name = "pathlib2"
optional = false
python-versions = "*"
version = "2.3.5"

[package.dependencies]
six = "*"

[package.dependencies.scandir]
python = "<3.5"
version = "*"

[[package]]
category = "dev"
description = "Utility library for gitignore style pattern matching of file paths."
name = "pathspec"
optional = false
python-versions = ">=2.7, !=3.0.*, !=3.1.*, !=3.2.*, !=3.3.*, !=3.4.*"
version = "0.8.0"

[[package]]
category = "main"
description = "Pexpect allows easy control of interactive console applications."
name = "pexpect"
optional = false
python-versions = "*"
version = "4.8.0"

[package.dependencies]
ptyprocess = ">=0.5"

[[package]]
category = "dev"
description = "plugin and hook calling mechanisms for python"
name = "pluggy"
optional = false
python-versions = ">=2.7, !=3.0.*, !=3.1.*, !=3.2.*, !=3.3.*"
version = "0.13.1"

[package.dependencies]
[package.dependencies.importlib-metadata]
python = "<3.8"
version = ">=0.12"

[package.extras]
dev = ["pre-commit", "tox"]

[[package]]
category = "main"
description = "Cross-platform lib for process and system monitoring in Python."
name = "psutil"
optional = false
python-versions = ">=2.6, !=3.0.*, !=3.1.*, !=3.2.*, !=3.3.*"
version = "5.7.2"

[package.extras]
test = ["ipaddress", "mock", "unittest2", "enum34", "pywin32", "wmi"]

[[package]]
category = "main"
description = "Run a subprocess in a pseudo terminal"
name = "ptyprocess"
optional = false
python-versions = "*"
version = "0.6.0"

[[package]]
category = "dev"
description = "library with cross-python path, ini-parsing, io, code, log facilities"
name = "py"
optional = false
python-versions = ">=2.7, !=3.0.*, !=3.1.*, !=3.2.*, !=3.3.*"
version = "1.9.0"

[[package]]
category = "dev"
description = "Python style guide checker"
name = "pycodestyle"
optional = false
python-versions = ">=2.7, !=3.0.*, !=3.1.*, !=3.2.*, !=3.3.*"
version = "2.6.0"

[[package]]
category = "dev"
description = "passive checker of Python programs"
name = "pyflakes"
optional = false
python-versions = ">=2.7, !=3.0.*, !=3.1.*, !=3.2.*, !=3.3.*"
version = "2.2.0"

[[package]]
category = "dev"
description = "pytest: simple powerful testing with Python"
name = "pytest"
optional = false
python-versions = ">=2.7, !=3.0.*, !=3.1.*, !=3.2.*, !=3.3.*"
version = "4.4.0"

[package.dependencies]
atomicwrites = ">=1.0"
attrs = ">=17.4.0"
colorama = "*"
pluggy = ">=0.9"
py = ">=1.5.0"
setuptools = "*"
six = ">=1.10.0"

[[package.dependencies.more-itertools]]
python = "<2.8"
version = ">=4.0.0,<6.0.0"

[[package.dependencies.more-itertools]]
python = ">=2.8"
version = ">=4.0.0"

[package.dependencies.funcsigs]
python = "<3.0"
version = ">=1.0"

[package.dependencies.pathlib2]
python = "<3.6"
version = ">=2.2.0"

[package.extras]
testing = ["argcomplete", "hypothesis (>=3.56)", "nose", "requests", "mock"]

[[package]]
category = "dev"
description = "run tests in isolated forked subprocesses"
name = "pytest-forked"
optional = false
python-versions = ">=2.7, !=3.0.*, !=3.1.*, !=3.2.*, !=3.3.*, !=3.4.*"
version = "1.3.0"

[package.dependencies]
py = "*"
pytest = ">=3.10"

[[package]]
category = "dev"
description = "pytest xdist plugin for distributed testing and loop-on-failing modes"
name = "pytest-xdist"
optional = false
python-versions = ">=2.7, !=3.0.*, !=3.1.*, !=3.2.*, !=3.3.*, !=3.4.*"
version = "1.32.0"

[package.dependencies]
execnet = ">=1.1"
pytest = ">=4.4.0"
pytest-forked = "*"
six = "*"

[package.extras]
testing = ["filelock"]

[[package]]
category = "main"
description = "Library to implement a well-behaved Unix daemon process."
name = "python-daemon"
optional = false
python-versions = "*"
version = "2.2.4"

[package.dependencies]
docutils = "*"
lockfile = ">=0.10"
setuptools = "*"

[package.extras]
test = ["coverage", "docutils", "mock (>=1.3)", "testscenarios (>=0.4)", "testtools", "unittest2 (>=0.5.1)"]

[[package]]
category = "main"
description = "YAML parser and emitter for Python"
name = "pyyaml"
optional = false
python-versions = ">=2.7, !=3.0.*, !=3.1.*, !=3.2.*, !=3.3.*, !=3.4.*"
version = "5.3.1"

[[package]]
category = "dev"
description = "scandir, a better directory iterator and faster os.walk()"
name = "scandir"
optional = false
python-versions = "*"
version = "1.10.0"

[[package]]
category = "main"
description = "Python 2 and 3 compatibility utilities"
name = "six"
optional = false
python-versions = ">=2.7, !=3.0.*, !=3.1.*, !=3.2.*"
version = "1.15.0"

[[package]]
category = "dev"
description = "Type Hints for Python"
marker = "python_version < \"3.5\""
name = "typing"
optional = false
python-versions = ">=2.7, !=3.0.*, !=3.1.*, !=3.2.*, !=3.3.*"
version = "3.7.4.3"

[[package]]
category = "dev"
description = "A linter for YAML files."
name = "yamllint"
optional = false
python-versions = ">=2.7, !=3.0.*, !=3.1.*, !=3.2.*, !=3.3.*"
version = "1.24.2"

[package.dependencies]
pathspec = ">=0.5.3"
pyyaml = "*"

[[package]]
category = "dev"
description = "Backport of pathlib-compatible object wrapper for zip files"
marker = "python_version < \"3.8\""
name = "zipp"
optional = false
python-versions = ">=2.7"
version = "1.2.0"

[package.dependencies]
[package.dependencies.contextlib2]
python = "<3.4"
version = "*"

[package.extras]
docs = ["sphinx", "jaraco.packaging (>=3.2)", "rst.linker (>=1.9)"]
testing = ["pathlib2", "unittest2", "jaraco.itertools", "func-timeout"]

[[package]]
category = "dev"
description = "Backport of pathlib-compatible object wrapper for zip files"
marker = "python_version < \"3.8\""
name = "zipp"
optional = false
python-versions = ">=3.6"
version = "3.1.0"

[package.extras]
docs = ["sphinx", "jaraco.packaging (>=3.2)", "rst.linker (>=1.9)"]
testing = ["jaraco.itertools", "func-timeout"]

[metadata]
content-hash = "7fb57c4727acfa64f1966e43845e0cbeee01c1e39def2e1b9f49ac3c413114c1"
python-versions = "~2.7 || >=3.6"

[metadata.files]
apipkg = [
    {file = "apipkg-1.5-py2.py3-none-any.whl", hash = "sha256:58587dd4dc3daefad0487f6d9ae32b4542b185e1c36db6993290e7c41ca2b47c"},
    {file = "apipkg-1.5.tar.gz", hash = "sha256:37228cda29411948b422fae072f57e31d3396d2ee1c9783775980ee9c9990af6"},
]
atomicwrites = [
    {file = "atomicwrites-1.4.0-py2.py3-none-any.whl", hash = "sha256:6d1784dea7c0c8d4a5172b6c620f40b6e4cbfdf96d783691f2e1302a7b88e197"},
    {file = "atomicwrites-1.4.0.tar.gz", hash = "sha256:ae70396ad1a434f9c7046fd2dd196fc04b12f9e91ffb859164193be8b6168a7a"},
]
attrs = [
    {file = "attrs-19.3.0-py2.py3-none-any.whl", hash = "sha256:08a96c641c3a74e44eb59afb61a24f2cb9f4d7188748e76ba4bb5edfa3cb7d1c"},
    {file = "attrs-19.3.0.tar.gz", hash = "sha256:f7b7ce16570fe9965acd6d30101a28f62fb4a7f9e926b3bbc9b61f8b04247e72"},
]
colorama = [
    {file = "colorama-0.4.3-py2.py3-none-any.whl", hash = "sha256:7d73d2a99753107a36ac6b455ee49046802e59d9d076ef8e47b61499fa29afff"},
    {file = "colorama-0.4.3.tar.gz", hash = "sha256:e96da0d330793e2cb9485e9ddfd918d456036c7149416295932478192f4436a1"},
]
configparser = [
    {file = "configparser-4.0.2-py2.py3-none-any.whl", hash = "sha256:254c1d9c79f60c45dfde850850883d5aaa7f19a23f13561243a050d5a7c3fe4c"},
    {file = "configparser-4.0.2.tar.gz", hash = "sha256:c7d282687a5308319bf3d2e7706e575c635b0a470342641c93bea0ea3b5331df"},
]
contextlib2 = [
    {file = "contextlib2-0.6.0.post1-py2.py3-none-any.whl", hash = "sha256:3355078a159fbb44ee60ea80abd0d87b80b78c248643b49aa6d94673b413609b"},
    {file = "contextlib2-0.6.0.post1.tar.gz", hash = "sha256:01f490098c18b19d2bd5bb5dc445b2054d2fa97f09a4280ba2c5f3c394c8162e"},
]
docutils = [
    {file = "docutils-0.16-py2.py3-none-any.whl", hash = "sha256:0c5b78adfbf7762415433f5515cd5c9e762339e23369dbe8000d84a4bf4ab3af"},
    {file = "docutils-0.16.tar.gz", hash = "sha256:c2de3a60e9e7d07be26b7f2b00ca0309c207e06c100f9cc2a94931fc75a478fc"},
]
enum34 = [
    {file = "enum34-1.1.10-py2-none-any.whl", hash = "sha256:a98a201d6de3f2ab3db284e70a33b0f896fbf35f8086594e8c9e74b909058d53"},
    {file = "enum34-1.1.10-py3-none-any.whl", hash = "sha256:c3858660960c984d6ab0ebad691265180da2b43f07e061c0f8dca9ef3cffd328"},
    {file = "enum34-1.1.10.tar.gz", hash = "sha256:cce6a7477ed816bd2542d03d53db9f0db935dd013b70f336a95c73979289f248"},
]
execnet = [
    {file = "execnet-1.7.1-py2.py3-none-any.whl", hash = "sha256:d4efd397930c46415f62f8a31388d6be4f27a91d7550eb79bc64a756e0056547"},
    {file = "execnet-1.7.1.tar.gz", hash = "sha256:cacb9df31c9680ec5f95553976c4da484d407e85e41c83cb812aa014f0eddc50"},
]
flake8 = [
    {file = "flake8-3.8.3-py2.py3-none-any.whl", hash = "sha256:15e351d19611c887e482fb960eae4d44845013cc142d42896e9862f775d8cf5c"},
    {file = "flake8-3.8.3.tar.gz", hash = "sha256:f04b9fcbac03b0a3e58c0ab3a0ecc462e023a9faf046d57794184028123aa208"},
]
funcsigs = [
    {file = "funcsigs-1.0.2-py2.py3-none-any.whl", hash = "sha256:330cc27ccbf7f1e992e69fef78261dc7c6569012cf397db8d3de0234e6c937ca"},
    {file = "funcsigs-1.0.2.tar.gz", hash = "sha256:a7bb0f2cf3a3fd1ab2732cb49eba4252c2af4240442415b4abce3b87022a8f50"},
]
functools32 = [
    {file = "functools32-3.2.3-2.tar.gz", hash = "sha256:f6253dfbe0538ad2e387bd8fdfd9293c925d63553f5813c4e587745416501e6d"},
    {file = "functools32-3.2.3-2.zip", hash = "sha256:89d824aa6c358c421a234d7f9ee0bd75933a67c29588ce50aaa3acdf4d403fa0"},
]
importlib-metadata = [
    {file = "importlib_metadata-1.7.0-py2.py3-none-any.whl", hash = "sha256:dc15b2969b4ce36305c51eebe62d418ac7791e9a157911d58bfb1f9ccd8e2070"},
    {file = "importlib_metadata-1.7.0.tar.gz", hash = "sha256:90bb658cdbbf6d1735b6341ce708fc7024a3e14e99ffdc5783edea9f9b077f83"},
]
lockfile = [
    {file = "lockfile-0.12.2-py2.py3-none-any.whl", hash = "sha256:6c3cb24f344923d30b2785d5ad75182c8ea7ac1b6171b08657258ec7429d50fa"},
    {file = "lockfile-0.12.2.tar.gz", hash = "sha256:6aed02de03cba24efabcd600b30540140634fc06cfa603822d508d5361e9f799"},
]
mccabe = [
    {file = "mccabe-0.6.1-py2.py3-none-any.whl", hash = "sha256:ab8a6258860da4b6677da4bd2fe5dc2c659cff31b3ee4f7f5d64e79735b80d42"},
    {file = "mccabe-0.6.1.tar.gz", hash = "sha256:dd8d182285a0fe56bace7f45b5e7d1a6ebcbf524e8f3bd87eb0f125271b8831f"},
]
mock = [
    {file = "mock-3.0.5-py2.py3-none-any.whl", hash = "sha256:d157e52d4e5b938c550f39eb2fd15610db062441a9c2747d3dbfa9298211d0f8"},
    {file = "mock-3.0.5.tar.gz", hash = "sha256:83657d894c90d5681d62155c82bda9c1187827525880eda8ff5df4ec813437c3"},
    {file = "mock-4.0.2-py3-none-any.whl", hash = "sha256:3f9b2c0196c60d21838f307f5825a7b86b678cedc58ab9e50a8988187b4d81e0"},
    {file = "mock-4.0.2.tar.gz", hash = "sha256:dd33eb70232b6118298d516bbcecd26704689c386594f0f3c4f13867b2c56f72"},
]
more-itertools = [
    {file = "more-itertools-5.0.0.tar.gz", hash = "sha256:38a936c0a6d98a38bcc2d03fdaaedaba9f412879461dd2ceff8d37564d6522e4"},
    {file = "more_itertools-5.0.0-py2-none-any.whl", hash = "sha256:c0a5785b1109a6bd7fac76d6837fd1feca158e54e521ccd2ae8bfe393cc9d4fc"},
    {file = "more_itertools-5.0.0-py3-none-any.whl", hash = "sha256:fe7a7cae1ccb57d33952113ff4fa1bc5f879963600ed74918f1236e212ee50b9"},
]
pathlib2 = [
    {file = "pathlib2-2.3.5-py2.py3-none-any.whl", hash = "sha256:0ec8205a157c80d7acc301c0b18fbd5d44fe655968f5d947b6ecef5290fc35db"},
    {file = "pathlib2-2.3.5.tar.gz", hash = "sha256:6cd9a47b597b37cc57de1c05e56fb1a1c9cc9fab04fe78c29acd090418529868"},
]
pathspec = [
    {file = "pathspec-0.8.0-py2.py3-none-any.whl", hash = "sha256:7d91249d21749788d07a2d0f94147accd8f845507400749ea19c1ec9054a12b0"},
    {file = "pathspec-0.8.0.tar.gz", hash = "sha256:da45173eb3a6f2a5a487efba21f050af2b41948be6ab52b6a1e3ff22bb8b7061"},
]
pexpect = [
    {file = "pexpect-4.8.0-py2.py3-none-any.whl", hash = "sha256:0b48a55dcb3c05f3329815901ea4fc1537514d6ba867a152b581d69ae3710937"},
    {file = "pexpect-4.8.0.tar.gz", hash = "sha256:fc65a43959d153d0114afe13997d439c22823a27cefceb5ff35c2178c6784c0c"},
]
pluggy = [
    {file = "pluggy-0.13.1-py2.py3-none-any.whl", hash = "sha256:966c145cd83c96502c3c3868f50408687b38434af77734af1e9ca461a4081d2d"},
    {file = "pluggy-0.13.1.tar.gz", hash = "sha256:15b2acde666561e1298d71b523007ed7364de07029219b604cf808bfa1c765b0"},
]
psutil = [
    {file = "psutil-5.7.2-cp27-none-win32.whl", hash = "sha256:f2018461733b23f308c298653c8903d32aaad7873d25e1d228765e91ae42c3f2"},
    {file = "psutil-5.7.2-cp27-none-win_amd64.whl", hash = "sha256:66c18ca7680a31bf16ee22b1d21b6397869dda8059dbdb57d9f27efa6615f195"},
    {file = "psutil-5.7.2-cp35-cp35m-win32.whl", hash = "sha256:5e9d0f26d4194479a13d5f4b3798260c20cecf9ac9a461e718eb59ea520a360c"},
    {file = "psutil-5.7.2-cp35-cp35m-win_amd64.whl", hash = "sha256:4080869ed93cce662905b029a1770fe89c98787e543fa7347f075ade761b19d6"},
    {file = "psutil-5.7.2-cp36-cp36m-win32.whl", hash = "sha256:d8a82162f23c53b8525cf5f14a355f5d1eea86fa8edde27287dd3a98399e4fdf"},
    {file = "psutil-5.7.2-cp36-cp36m-win_amd64.whl", hash = "sha256:0ee3c36428f160d2d8fce3c583a0353e848abb7de9732c50cf3356dd49ad63f8"},
    {file = "psutil-5.7.2-cp37-cp37m-win32.whl", hash = "sha256:ff1977ba1a5f71f89166d5145c3da1cea89a0fdb044075a12c720ee9123ec818"},
    {file = "psutil-5.7.2-cp37-cp37m-win_amd64.whl", hash = "sha256:a5b120bb3c0c71dfe27551f9da2f3209a8257a178ed6c628a819037a8df487f1"},
    {file = "psutil-5.7.2-cp38-cp38-win32.whl", hash = "sha256:10512b46c95b02842c225f58fa00385c08fa00c68bac7da2d9a58ebe2c517498"},
    {file = "psutil-5.7.2-cp38-cp38-win_amd64.whl", hash = "sha256:68d36986ded5dac7c2dcd42f2682af1db80d4bce3faa126a6145c1637e1b559f"},
    {file = "psutil-5.7.2.tar.gz", hash = "sha256:90990af1c3c67195c44c9a889184f84f5b2320dce3ee3acbd054e3ba0b4a7beb"},
]
ptyprocess = [
    {file = "ptyprocess-0.6.0-py2.py3-none-any.whl", hash = "sha256:d7cc528d76e76342423ca640335bd3633420dc1366f258cb31d05e865ef5ca1f"},
    {file = "ptyprocess-0.6.0.tar.gz", hash = "sha256:923f299cc5ad920c68f2bc0bc98b75b9f838b93b599941a6b63ddbc2476394c0"},
]
py = [
    {file = "py-1.9.0-py2.py3-none-any.whl", hash = "sha256:366389d1db726cd2fcfc79732e75410e5fe4d31db13692115529d34069a043c2"},
    {file = "py-1.9.0.tar.gz", hash = "sha256:9ca6883ce56b4e8da7e79ac18787889fa5206c79dcc67fb065376cd2fe03f342"},
]
pycodestyle = [
    {file = "pycodestyle-2.6.0-py2.py3-none-any.whl", hash = "sha256:2295e7b2f6b5bd100585ebcb1f616591b652db8a741695b3d8f5d28bdc934367"},
    {file = "pycodestyle-2.6.0.tar.gz", hash = "sha256:c58a7d2815e0e8d7972bf1803331fb0152f867bd89adf8a01dfd55085434192e"},
]
pyflakes = [
    {file = "pyflakes-2.2.0-py2.py3-none-any.whl", hash = "sha256:0d94e0e05a19e57a99444b6ddcf9a6eb2e5c68d3ca1e98e90707af8152c90a92"},
    {file = "pyflakes-2.2.0.tar.gz", hash = "sha256:35b2d75ee967ea93b55750aa9edbbf72813e06a66ba54438df2cfac9e3c27fc8"},
]
pytest = [
    {file = "pytest-4.4.0-py2.py3-none-any.whl", hash = "sha256:13c5e9fb5ec5179995e9357111ab089af350d788cbc944c628f3cde72285809b"},
    {file = "pytest-4.4.0.tar.gz", hash = "sha256:f21d2f1fb8200830dcbb5d8ec466a9c9120e20d8b53c7585d180125cce1d297a"},
]
pytest-forked = [
    {file = "pytest-forked-1.3.0.tar.gz", hash = "sha256:6aa9ac7e00ad1a539c41bec6d21011332de671e938c7637378ec9710204e37ca"},
    {file = "pytest_forked-1.3.0-py2.py3-none-any.whl", hash = "sha256:dc4147784048e70ef5d437951728825a131b81714b398d5d52f17c7c144d8815"},
]
pytest-xdist = [
    {file = "pytest-xdist-1.32.0.tar.gz", hash = "sha256:1d4166dcac69adb38eeaedb88c8fada8588348258a3492ab49ba9161f2971129"},
    {file = "pytest_xdist-1.32.0-py2.py3-none-any.whl", hash = "sha256:ba5ec9fde3410bd9a116ff7e4f26c92e02fa3d27975ef3ad03f330b3d4b54e91"},
]
python-daemon = [
    {file = "python-daemon-2.2.4.tar.gz", hash = "sha256:57c84f50a04d7825515e4dbf3a31c70cc44414394a71608dee6cfde469e81766"},
    {file = "python_daemon-2.2.4-py2.py3-none-any.whl", hash = "sha256:a0d5dc0b435a02c7e0b401e177a7c17c3f4c7b4e22e2d06271122c8fec5f8946"},
]
pyyaml = [
    {file = "PyYAML-5.3.1-cp27-cp27m-win32.whl", hash = "sha256:74809a57b329d6cc0fdccee6318f44b9b8649961fa73144a98735b0aaf029f1f"},
    {file = "PyYAML-5.3.1-cp27-cp27m-win_amd64.whl", hash = "sha256:240097ff019d7c70a4922b6869d8a86407758333f02203e0fc6ff79c5dcede76"},
    {file = "PyYAML-5.3.1-cp35-cp35m-win32.whl", hash = "sha256:4f4b913ca1a7319b33cfb1369e91e50354d6f07a135f3b901aca02aa95940bd2"},
    {file = "PyYAML-5.3.1-cp35-cp35m-win_amd64.whl", hash = "sha256:cc8955cfbfc7a115fa81d85284ee61147059a753344bc51098f3ccd69b0d7e0c"},
    {file = "PyYAML-5.3.1-cp36-cp36m-win32.whl", hash = "sha256:7739fc0fa8205b3ee8808aea45e968bc90082c10aef6ea95e855e10abf4a37b2"},
    {file = "PyYAML-5.3.1-cp36-cp36m-win_amd64.whl", hash = "sha256:69f00dca373f240f842b2931fb2c7e14ddbacd1397d57157a9b005a6a9942648"},
    {file = "PyYAML-5.3.1-cp37-cp37m-win32.whl", hash = "sha256:d13155f591e6fcc1ec3b30685d50bf0711574e2c0dfffd7644babf8b5102ca1a"},
    {file = "PyYAML-5.3.1-cp37-cp37m-win_amd64.whl", hash = "sha256:73f099454b799e05e5ab51423c7bcf361c58d3206fa7b0d555426b1f4d9a3eaf"},
    {file = "PyYAML-5.3.1-cp38-cp38-win32.whl", hash = "sha256:06a0d7ba600ce0b2d2fe2e78453a470b5a6e000a985dd4a4e54e436cc36b0e97"},
    {file = "PyYAML-5.3.1-cp38-cp38-win_amd64.whl", hash = "sha256:95f71d2af0ff4227885f7a6605c37fd53d3a106fcab511b8860ecca9fcf400ee"},
    {file = "PyYAML-5.3.1.tar.gz", hash = "sha256:b8eac752c5e14d3eca0e6dd9199cd627518cb5ec06add0de9d32baeee6fe645d"},
]
scandir = [
    {file = "scandir-1.10.0-cp27-cp27m-win32.whl", hash = "sha256:92c85ac42f41ffdc35b6da57ed991575bdbe69db895507af88b9f499b701c188"},
    {file = "scandir-1.10.0-cp27-cp27m-win_amd64.whl", hash = "sha256:cb925555f43060a1745d0a321cca94bcea927c50114b623d73179189a4e100ac"},
    {file = "scandir-1.10.0-cp34-cp34m-win32.whl", hash = "sha256:2c712840c2e2ee8dfaf36034080108d30060d759c7b73a01a52251cc8989f11f"},
    {file = "scandir-1.10.0-cp34-cp34m-win_amd64.whl", hash = "sha256:2586c94e907d99617887daed6c1d102b5ca28f1085f90446554abf1faf73123e"},
    {file = "scandir-1.10.0-cp35-cp35m-win32.whl", hash = "sha256:2b8e3888b11abb2217a32af0766bc06b65cc4a928d8727828ee68af5a967fa6f"},
    {file = "scandir-1.10.0-cp35-cp35m-win_amd64.whl", hash = "sha256:8c5922863e44ffc00c5c693190648daa6d15e7c1207ed02d6f46a8dcc2869d32"},
    {file = "scandir-1.10.0-cp36-cp36m-win32.whl", hash = "sha256:2ae41f43797ca0c11591c0c35f2f5875fa99f8797cb1a1fd440497ec0ae4b022"},
    {file = "scandir-1.10.0-cp36-cp36m-win_amd64.whl", hash = "sha256:7d2d7a06a252764061a020407b997dd036f7bd6a175a5ba2b345f0a357f0b3f4"},
    {file = "scandir-1.10.0-cp37-cp37m-win32.whl", hash = "sha256:67f15b6f83e6507fdc6fca22fedf6ef8b334b399ca27c6b568cbfaa82a364173"},
    {file = "scandir-1.10.0-cp37-cp37m-win_amd64.whl", hash = "sha256:b24086f2375c4a094a6b51e78b4cf7ca16c721dcee2eddd7aa6494b42d6d519d"},
    {file = "scandir-1.10.0.tar.gz", hash = "sha256:4d4631f6062e658e9007ab3149a9b914f3548cb38bfb021c64f39a025ce578ae"},
]
six = [
    {file = "six-1.15.0-py2.py3-none-any.whl", hash = "sha256:8b74bedcbbbaca38ff6d7491d76f2b06b3592611af620f8426e82dddb04a5ced"},
    {file = "six-1.15.0.tar.gz", hash = "sha256:30639c035cdb23534cd4aa2dd52c3bf48f06e5f4a941509c8bafd8ce11080259"},
]
typing = [
    {file = "typing-3.7.4.3-py2-none-any.whl", hash = "sha256:283d868f5071ab9ad873e5e52268d611e851c870a2ba354193026f2dfb29d8b5"},
    {file = "typing-3.7.4.3.tar.gz", hash = "sha256:1187fb9c82fd670d10aa07bbb6cfcfe4bdda42d6fab8d5134f04e8c4d0b71cc9"},
]
yamllint = [
    {file = "yamllint-1.24.2-py2.py3-none-any.whl", hash = "sha256:ad3b0d30317dca005d7af99ff27248d459cae2d931a2ff06a134b67bcd405b30"},
    {file = "yamllint-1.24.2.tar.gz", hash = "sha256:40b68de6bacdccec1585dbd54072731b10da7fc2f9cfd96517a71f066208b61f"},
]
zipp = [
    {file = "zipp-1.2.0-py2.py3-none-any.whl", hash = "sha256:e0d9e63797e483a30d27e09fffd308c59a700d365ec34e93cc100844168bf921"},
    {file = "zipp-1.2.0.tar.gz", hash = "sha256:c70410551488251b0fee67b460fb9a536af8d6f9f008ad10ac51f615b6a521b1"},
    {file = "zipp-3.1.0-py3-none-any.whl", hash = "sha256:aa36550ff0c0b7ef7fa639055d797116ee891440eac1a56f378e2d3179e0320b"},
    {file = "zipp-3.1.0.tar.gz", hash = "sha256:c599e4d75c98f6798c509911d08a22e6c021d074469042177c8c86fb92eefd96"},
]
